
Microsoft Visual Studio Solution File, Format Version 12.00
# Visual Studio 2013
VisualStudioVersion = 12.0.31101.0
MinimumVisualStudioVersion = 10.0.40219.1
Project("{FAE04EC0-301F-11D3-BF4B-00C04F79EFBC}") = "ConsoleApplication1", "ConsoleApplication1.csproj", "{857DF400-7610-479A-A7A0-0D8E0D440081}"
EndProject
Project("{FAE04EC0-301F-11D3-BF4B-00C04F79EFBC}") = "BarcodeAssembly", "..\BarcodeAssembly\BarcodeAssembly.csproj", "{42B0964D-ACCE-49B3-8462-C25B4A696D52}"
EndProject
Global
	GlobalSection(SolutionConfigurationPlatforms) = preSolution
		Debug|Any CPU = Debug|Any CPU
		Release|Any CPU = Release|Any CPU
	EndGlobalSection
	GlobalSection(ProjectConfigurationPlatforms) = postSolution
		{857DF400-7610-479A-A7A0-0D8E0D440081}.Debug|Any CPU.ActiveCfg = Debug|Any CPU
		{857DF400-7610-479A-A7A0-0D8E0D440081}.Debug|Any CPU.Build.0 = Debug|Any CPU
		{857DF400-7610-479A-A7A0-0D8E0D440081}.Release|Any CPU.ActiveCfg = Release|Any CPU
		{857DF400-7610-479A-A7A0-0D8E0D440081}.Release|Any CPU.Build.0 = Release|Any CPU
		{42B0964D-ACCE-49B3-8462-C25B4A696D52}.Debug|Any CPU.ActiveCfg = Debug|Any CPU
		{42B0964D-ACCE-49B3-8462-C25B4A696D52}.Debug|Any CPU.Build.0 = Debug|Any CPU
		{42B0964D-ACCE-49B3-8462-C25B4A696D52}.Release|Any CPU.ActiveCfg = Release|Any CPU
		{42B0964D-ACCE-49B3-8462-C25B4A696D52}.Release|Any CPU.Build.0 = Release|Any CPU
	EndGlobalSection
	GlobalSection(SolutionProperties) = preSolution
		HideSolutionNode = FALSE
	EndGlobalSection
EndGlobal
