
Microsoft Visual Studio Solution File, Format Version 12.00
# Visual Studio 2012
Project("{FAE04EC0-301F-11D3-BF4B-00C04F79EFBC}") = "WpfApplication1", "WpfApplication1.csproj", "{B50ABB8E-A756-49E9-8C90-022C9D44924E}"
EndProject
Global
	GlobalSection(SolutionConfigurationPlatforms) = preSolution
		Debug|Any CPU = Debug|Any CPU
		Release|Any CPU = Release|Any CPU
	EndGlobalSection
	GlobalSection(ProjectConfigurationPlatforms) = postSolution
		{B50ABB8E-A756-49E9-8C90-022C9D44924E}.Debug|Any CPU.ActiveCfg = Debug|Any CPU
		{B50ABB8E-A756-49E9-8C90-022C9D44924E}.Debug|Any CPU.Build.0 = Debug|Any CPU
		{B50ABB8E-A756-49E9-8C90-022C9D44924E}.Release|Any CPU.ActiveCfg = Release|Any CPU
		{B50ABB8E-A756-49E9-8C90-022C9D44924E}.Release|Any CPU.Build.0 = Release|Any CPU
	EndGlobalSection
	GlobalSection(SolutionProperties) = preSolution
		HideSolutionNode = FALSE
	EndGlobalSection
EndGlobal
