
Microsoft Visual Studio Solution File, Format Version 11.00
# Visual Studio 2010
Project("{FAE04EC0-301F-11D3-BF4B-00C04F79EFBC}") = "ProtectedData example CS", "ProtectedData example CS.csproj", "{C2A0CE01-5EFB-48AC-90AD-48803CA3C636}"
EndProject
Project("{FAE04EC0-301F-11D3-BF4B-00C04F79EFBC}") = "TestProject", "TestProject\TestProject.csproj", "{ED39940B-ED48-4B62-98B3-1AAD0B1F49A3}"
EndProject
Project("{2150E333-8FDC-42A3-9474-1A3956D46DE8}") = "Solution Items", "Solution Items", "{694A9DF9-9739-4042-BE0B-8311BBFD92B1}"
	ProjectSection(SolutionItems) = preProject
		Local.testsettings = Local.testsettings
		ProtectedData example CS.vsmdi = ProtectedData example CS.vsmdi
		TraceAndTestImpact.testsettings = TraceAndTestImpact.testsettings
	EndProjectSection
EndProject
Global
	GlobalSection(TestCaseManagementSettings) = postSolution
		CategoryFile = ProtectedData example CS.vsmdi
	EndGlobalSection
	GlobalSection(SolutionConfigurationPlatforms) = preSolution
		Debug|Any CPU = Debug|Any CPU
		Debug|Mixed Platforms = Debug|Mixed Platforms
		Debug|x86 = Debug|x86
		Release|Any CPU = Release|Any CPU
		Release|Mixed Platforms = Release|Mixed Platforms
		Release|x86 = Release|x86
	EndGlobalSection
	GlobalSection(ProjectConfigurationPlatforms) = postSolution
		{C2A0CE01-5EFB-48AC-90AD-48803CA3C636}.Debug|Any CPU.ActiveCfg = Debug|x86
		{C2A0CE01-5EFB-48AC-90AD-48803CA3C636}.Debug|Mixed Platforms.ActiveCfg = Debug|x86
		{C2A0CE01-5EFB-48AC-90AD-48803CA3C636}.Debug|Mixed Platforms.Build.0 = Debug|x86
		{C2A0CE01-5EFB-48AC-90AD-48803CA3C636}.Debug|x86.ActiveCfg = Debug|x86
		{C2A0CE01-5EFB-48AC-90AD-48803CA3C636}.Debug|x86.Build.0 = Debug|x86
		{C2A0CE01-5EFB-48AC-90AD-48803CA3C636}.Release|Any CPU.ActiveCfg = Release|x86
		{C2A0CE01-5EFB-48AC-90AD-48803CA3C636}.Release|Mixed Platforms.ActiveCfg = Release|x86
		{C2A0CE01-5EFB-48AC-90AD-48803CA3C636}.Release|Mixed Platforms.Build.0 = Release|x86
		{C2A0CE01-5EFB-48AC-90AD-48803CA3C636}.Release|x86.ActiveCfg = Release|x86
		{C2A0CE01-5EFB-48AC-90AD-48803CA3C636}.Release|x86.Build.0 = Release|x86
		{ED39940B-ED48-4B62-98B3-1AAD0B1F49A3}.Debug|Any CPU.ActiveCfg = Debug|Any CPU
		{ED39940B-ED48-4B62-98B3-1AAD0B1F49A3}.Debug|Any CPU.Build.0 = Debug|Any CPU
		{ED39940B-ED48-4B62-98B3-1AAD0B1F49A3}.Debug|Mixed Platforms.ActiveCfg = Debug|Any CPU
		{ED39940B-ED48-4B62-98B3-1AAD0B1F49A3}.Debug|Mixed Platforms.Build.0 = Debug|Any CPU
		{ED39940B-ED48-4B62-98B3-1AAD0B1F49A3}.Debug|x86.ActiveCfg = Debug|Any CPU
		{ED39940B-ED48-4B62-98B3-1AAD0B1F49A3}.Release|Any CPU.ActiveCfg = Release|Any CPU
		{ED39940B-ED48-4B62-98B3-1AAD0B1F49A3}.Release|Any CPU.Build.0 = Release|Any CPU
		{ED39940B-ED48-4B62-98B3-1AAD0B1F49A3}.Release|Mixed Platforms.ActiveCfg = Release|Any CPU
		{ED39940B-ED48-4B62-98B3-1AAD0B1F49A3}.Release|Mixed Platforms.Build.0 = Release|Any CPU
		{ED39940B-ED48-4B62-98B3-1AAD0B1F49A3}.Release|x86.ActiveCfg = Release|Any CPU
	EndGlobalSection
	GlobalSection(SolutionProperties) = preSolution
		HideSolutionNode = FALSE
	EndGlobalSection
EndGlobal
